
Microsoft Visual Studio Solution File, Format Version 12.00
# Visual Studio Version 17
VisualStudioVersion = 17.5.002.0
MinimumVisualStudioVersion = 10.0.40219.1
Project("{9A19103F-16F7-4668-BE54-9A1E7A4F7556}") = "Nombre_Magique", "Nombre_Magique\Nombre_Magique.csproj", "{4F647F57-D44F-4486-B1DD-40458615F278}"
EndProject
Global
	GlobalSection(SolutionConfigurationPlatforms) = preSolution
		Debug|Any CPU = Debug|Any CPU
		Release|Any CPU = Release|Any CPU
	EndGlobalSection
	GlobalSection(ProjectConfigurationPlatforms) = postSolution
		{4F647F57-D44F-4486-B1DD-40458615F278}.Debug|Any CPU.ActiveCfg = Debug|Any CPU
		{4F647F57-D44F-4486-B1DD-40458615F278}.Debug|Any CPU.Build.0 = Debug|Any CPU
		{4F647F57-D44F-4486-B1DD-40458615F278}.Release|Any CPU.ActiveCfg = Release|Any CPU
		{4F647F57-D44F-4486-B1DD-40458615F278}.Release|Any CPU.Build.0 = Release|Any CPU
	EndGlobalSection
	GlobalSection(SolutionProperties) = preSolution
		HideSolutionNode = FALSE
	EndGlobalSection
	GlobalSection(ExtensibilityGlobals) = postSolution
		SolutionGuid = {63E220D0-E60C-48A0-8B43-D0790B0058F8}
	EndGlobalSection
EndGlobal
